Microsoft Visual Studio Solution File, Format Version 12.00
# Visual Studio Version 17
VisualStudioVersion = 17.5.2.0
MinimumVisualStudioVersion = 10.0.40219.1
Project("{FAE04EC0-301F-11D3-BF4B-00C04F79EFBC}") = "WeddingOrchestrator.Api", "WeddingOrchestrator.Api.csproj", "{7019A4BA-178F-BA89-151F-B4724C79C084}"
EndProject
Global
	GlobalSection(SolutionConfigurationPlatforms) = preSolution
		Debug|Any CPU = Debug|Any CPU
		Release|Any CPU = Release|Any CPU
	EndGlobalSection
	GlobalSection(ProjectConfigurationPlatforms) = postSolution
		{7019A4BA-178F-BA89-151F-B4724C79C084}.Debug|Any CPU.ActiveCfg = Debug|Any CPU
		{7019A4BA-178F-BA89-151F-B4724C79C084}.Debug|Any CPU.Build.0 = Debug|Any CPU
		{7019A4BA-178F-BA89-151F-B4724C79C084}.Release|Any CPU.ActiveCfg = Release|Any CPU
		{7019A4BA-178F-BA89-151F-B4724C79C084}.Release|Any CPU.Build.0 = Release|Any CPU
	EndGlobalSection
	GlobalSection(SolutionProperties) = preSolution
		HideSolutionNode = FALSE
	EndGlobalSection
	GlobalSection(ExtensibilityGlobals) = postSolution
		SolutionGuid = {C4C3FF84-76AE-4AA9-B9C0-F536B23E4DAA}
	EndGlobalSection
EndGlobal
